
Microsoft Visual Studio Solution File, Format Version 12.00
# Visual Studio Version 17
VisualStudioVersion = 17.0.31903.59
MinimumVisualStudioVersion = 10.0.40219.1
Project("{2150E333-8FDC-42A3-9474-1A3956D46DE8}") = "src", "src", "{827E0CD3-B72D-47B6-A68D-7590B98EB39B}"
EndProject
Project("{FAE04EC0-301F-11D3-BF4B-00C04F79EFBC}") = "Inventory.Domain", "src\Inventory.Domain\Inventory.Domain.csproj", "{CFAF4022-D7D7-4B03-84CC-FE199F195362}"
EndProject
Project("{FAE04EC0-301F-11D3-BF4B-00C04F79EFBC}") = "Inventory.Application", "src\Inventory.Application\Inventory.Application.csproj", "{188F1BF4-42F5-462E-B6D2-278FCF3549F2}"
EndProject
Project("{FAE04EC0-301F-11D3-BF4B-00C04F79EFBC}") = "Inventory.Infrastructure", "src\Inventory.Infrastructure\Inventory.Infrastructure.csproj", "{861AB23C-4FB4-4848-90F8-6C1D54CAA77C}"
EndProject
Project("{FAE04EC0-301F-11D3-BF4B-00C04F79EFBC}") = "Inventory.API", "src\Inventory.API\Inventory.API.csproj", "{977136EA-9AB8-486B-92FF-C509397FB0E5}"
EndProject
Project("{2150E333-8FDC-42A3-9474-1A3956D46DE8}") = "tests", "tests", "{0AB3BF05-4346-4AA6-1389-037BE0695223}"
EndProject
Project("{FAE04EC0-301F-11D3-BF4B-00C04F79EFBC}") = "Inventory.UnitTests", "tests\Inventory.UnitTests\Inventory.UnitTests.csproj", "{8DAE6D22-40C0-479F-8719-083677782E71}"
EndProject
Global
	GlobalSection(SolutionConfigurationPlatforms) = preSolution
		Debug|Any CPU = Debug|Any CPU
		Debug|x64 = Debug|x64
		Debug|x86 = Debug|x86
		Release|Any CPU = Release|Any CPU
		Release|x64 = Release|x64
		Release|x86 = Release|x86
	EndGlobalSection
	GlobalSection(ProjectConfigurationPlatforms) = postSolution
		{CFAF4022-D7D7-4B03-84CC-FE199F195362}.Debug|Any CPU.ActiveCfg = Debug|Any CPU
		{CFAF4022-D7D7-4B03-84CC-FE199F195362}.Debug|Any CPU.Build.0 = Debug|Any CPU
		{CFAF4022-D7D7-4B03-84CC-FE199F195362}.Debug|x64.ActiveCfg = Debug|Any CPU
		{CFAF4022-D7D7-4B03-84CC-FE199F195362}.Debug|x64.Build.0 = Debug|Any CPU
		{CFAF4022-D7D7-4B03-84CC-FE199F195362}.Debug|x86.ActiveCfg = Debug|Any CPU
		{CFAF4022-D7D7-4B03-84CC-FE199F195362}.Debug|x86.Build.0 = Debug|Any CPU
		{CFAF4022-D7D7-4B03-84CC-FE199F195362}.Release|Any CPU.ActiveCfg = Release|Any CPU
		{CFAF4022-D7D7-4B03-84CC-FE199F195362}.Release|Any CPU.Build.0 = Release|Any CPU
		{CFAF4022-D7D7-4B03-84CC-FE199F195362}.Release|x64.ActiveCfg = Release|Any CPU
		{CFAF4022-D7D7-4B03-84CC-FE199F195362}.Release|x64.Build.0 = Release|Any CPU
		{CFAF4022-D7D7-4B03-84CC-FE199F195362}.Release|x86.ActiveCfg = Release|Any CPU
		{CFAF4022-D7D7-4B03-84CC-FE199F195362}.Release|x86.Build.0 = Release|Any CPU
		{188F1BF4-42F5-462E-B6D2-278FCF3549F2}.Debug|Any CPU.ActiveCfg = Debug|Any CPU
		{188F1BF4-42F5-462E-B6D2-278FCF3549F2}.Debug|Any CPU.Build.0 = Debug|Any CPU
		{188F1BF4-42F5-462E-B6D2-278FCF3549F2}.Debug|x64.ActiveCfg = Debug|Any CPU
		{188F1BF4-42F5-462E-B6D2-278FCF3549F2}.Debug|x64.Build.0 = Debug|Any CPU
		{188F1BF4-42F5-462E-B6D2-278FCF3549F2}.Debug|x86.ActiveCfg = Debug|Any CPU
		{188F1BF4-42F5-462E-B6D2-278FCF3549F2}.Debug|x86.Build.0 = Debug|Any CPU
		{188F1BF4-42F5-462E-B6D2-278FCF3549F2}.Release|Any CPU.ActiveCfg = Release|Any CPU
		{188F1BF4-42F5-462E-B6D2-278FCF3549F2}.Release|Any CPU.Build.0 = Release|Any CPU
		{188F1BF4-42F5-462E-B6D2-278FCF3549F2}.Release|x64.ActiveCfg = Release|Any CPU
		{188F1BF4-42F5-462E-B6D2-278FCF3549F2}.Release|x64.Build.0 = Release|Any CPU
		{188F1BF4-42F5-462E-B6D2-278FCF3549F2}.Release|x86.ActiveCfg = Release|Any CPU
		{188F1BF4-42F5-462E-B6D2-278FCF3549F2}.Release|x86.Build.0 = Release|Any CPU
		{861AB23C-4FB4-4848-90F8-6C1D54CAA77C}.Debug|Any CPU.ActiveCfg = Debug|Any CPU
		{861AB23C-4FB4-4848-90F8-6C1D54CAA77C}.Debug|Any CPU.Build.0 = Debug|Any CPU
		{861AB23C-4FB4-4848-90F8-6C1D54CAA77C}.Debug|x64.ActiveCfg = Debug|Any CPU
		{861AB23C-4FB4-4848-90F8-6C1D54CAA77C}.Debug|x64.Build.0 = Debug|Any CPU
		{861AB23C-4FB4-4848-90F8-6C1D54CAA77C}.Debug|x86.ActiveCfg = Debug|Any CPU
		{861AB23C-4FB4-4848-90F8-6C1D54CAA77C}.Debug|x86.Build.0 = Debug|Any CPU
		{861AB23C-4FB4-4848-90F8-6C1D54CAA77C}.Release|Any CPU.ActiveCfg = Release|Any CPU
		{861AB23C-4FB4-4848-90F8-6C1D54CAA77C}.Release|Any CPU.Build.0 = Release|Any CPU
		{861AB23C-4FB4-4848-90F8-6C1D54CAA77C}.Release|x64.ActiveCfg = Release|Any CPU
		{861AB23C-4FB4-4848-90F8-6C1D54CAA77C}.Release|x64.Build.0 = Release|Any CPU
		{861AB23C-4FB4-4848-90F8-6C1D54CAA77C}.Release|x86.ActiveCfg = Release|Any CPU
		{861AB23C-4FB4-4848-90F8-6C1D54CAA77C}.Release|x86.Build.0 = Release|Any CPU
		{977136EA-9AB8-486B-92FF-C509397FB0E5}.Debug|Any CPU.ActiveCfg = Debug|Any CPU
		{977136EA-9AB8-486B-92FF-C509397FB0E5}.Debug|Any CPU.Build.0 = Debug|Any CPU
		{977136EA-9AB8-486B-92FF-C509397FB0E5}.Debug|x64.ActiveCfg = Debug|Any CPU
		{977136EA-9AB8-486B-92FF-C509397FB0E5}.Debug|x64.Build.0 = Debug|Any CPU
		{977136EA-9AB8-486B-92FF-C509397FB0E5}.Debug|x86.ActiveCfg = Debug|Any CPU
		{977136EA-9AB8-486B-92FF-C509397FB0E5}.Debug|x86.Build.0 = Debug|Any CPU
		{977136EA-9AB8-486B-92FF-C509397FB0E5}.Release|Any CPU.ActiveCfg = Release|Any CPU
		{977136EA-9AB8-486B-92FF-C509397FB0E5}.Release|Any CPU.Build.0 = Release|Any CPU
		{977136EA-9AB8-486B-92FF-C509397FB0E5}.Release|x64.ActiveCfg = Release|Any CPU
		{977136EA-9AB8-486B-92FF-C509397FB0E5}.Release|x64.Build.0 = Release|Any CPU
		{977136EA-9AB8-486B-92FF-C509397FB0E5}.Release|x86.ActiveCfg = Release|Any CPU
		{977136EA-9AB8-486B-92FF-C509397FB0E5}.Release|x86.Build.0 = Release|Any CPU
		{8DAE6D22-40C0-479F-8719-083677782E71}.Debug|Any CPU.ActiveCfg = Debug|Any CPU
		{8DAE6D22-40C0-479F-8719-083677782E71}.Debug|Any CPU.Build.0 = Debug|Any CPU
		{8DAE6D22-40C0-479F-8719-083677782E71}.Debug|x64.ActiveCfg = Debug|Any CPU
		{8DAE6D22-40C0-479F-8719-083677782E71}.Debug|x64.Build.0 = Debug|Any CPU
		{8DAE6D22-40C0-479F-8719-083677782E71}.Debug|x86.ActiveCfg = Debug|Any CPU
		{8DAE6D22-40C0-479F-8719-083677782E71}.Debug|x86.Build.0 = Debug|Any CPU
		{8DAE6D22-40C0-479F-8719-083677782E71}.Release|Any CPU.ActiveCfg = Release|Any CPU
		{8DAE6D22-40C0-479F-8719-083677782E71}.Release|Any CPU.Build.0 = Release|Any CPU
		{8DAE6D22-40C0-479F-8719-083677782E71}.Release|x64.ActiveCfg = Release|Any CPU
		{8DAE6D22-40C0-479F-8719-083677782E71}.Release|x64.Build.0 = Release|Any CPU
		{8DAE6D22-40C0-479F-8719-083677782E71}.Release|x86.ActiveCfg = Release|Any CPU
		{8DAE6D22-40C0-479F-8719-083677782E71}.Release|x86.Build.0 = Release|Any CPU
	EndGlobalSection
	GlobalSection(SolutionProperties) = preSolution
		HideSolutionNode = FALSE
	EndGlobalSection
	GlobalSection(NestedProjects) = preSolution
		{CFAF4022-D7D7-4B03-84CC-FE199F195362} = {827E0CD3-B72D-47B6-A68D-7590B98EB39B}
		{188F1BF4-42F5-462E-B6D2-278FCF3549F2} = {827E0CD3-B72D-47B6-A68D-7590B98EB39B}
		{861AB23C-4FB4-4848-90F8-6C1D54CAA77C} = {827E0CD3-B72D-47B6-A68D-7590B98EB39B}
		{977136EA-9AB8-486B-92FF-C509397FB0E5} = {827E0CD3-B72D-47B6-A68D-7590B98EB39B}
		{8DAE6D22-40C0-479F-8719-083677782E71} = {0AB3BF05-4346-4AA6-1389-037BE0695223}
	EndGlobalSection
EndGlobal
